github.com/caarlos0/go-shellwords v1.0.12 h1:HWrUnu6lGbWfrDcFiHcZiwOLzHWjjrPVehULaTFgPp8=
github.com/caarlos0/go-shellwords v1.0.12/go.mod h1:bYeeX1GrTLPl5cAMYEzdm272qdsQAZiaHgeF0KTk1Gw=
github.com/thesixonenine/parse-curl v1.0.1 h1:K3WIOuyZUvjyDg8z4yXgBikMBGv0gOjukV1pxv98/aQ=
github.com/thesixonenine/parse-curl v1.0.1/go.mod h1:gXPX3nNiy8O8rz4sIeRe1+5+GCNWE1h0QLci+ae5zEw=
